
Microsoft Visual Studio Solution File, Format Version 12.00
# Visual Studio Version 17
VisualStudioVersion = 17.1.32319.34
MinimumVisualStudioVersion = 10.0.40219.1
Project("{FAE04EC0-301F-11D3-BF4B-00C04F79EFBC}") = "GestMaterialEletrico", "Juno_21\GestMaterialEletrico.csproj", "{43867808-293B-4122-B9DC-B105EE45F505}"
EndProject
Project("{FAE04EC0-301F-11D3-BF4B-00C04F79EFBC}") = "Contactos", "Contactos\Contactos.csproj", "{6F268B93-3AB2-45C4-AF36-31443A5AA6D8}"
EndProject
Global
	GlobalSection(SolutionConfigurationPlatforms) = preSolution
		Debug|Any CPU = Debug|Any CPU
		Release|Any CPU = Release|Any CPU
	EndGlobalSection
	GlobalSection(ProjectConfigurationPlatforms) = postSolution
		{43867808-293B-4122-B9DC-B105EE45F505}.Debug|Any CPU.ActiveCfg = Debug|Any CPU
		{43867808-293B-4122-B9DC-B105EE45F505}.Debug|Any CPU.Build.0 = Debug|Any CPU
		{43867808-293B-4122-B9DC-B105EE45F505}.Release|Any CPU.ActiveCfg = Release|Any CPU
		{43867808-293B-4122-B9DC-B105EE45F505}.Release|Any CPU.Build.0 = Release|Any CPU
		{6F268B93-3AB2-45C4-AF36-31443A5AA6D8}.Debug|Any CPU.ActiveCfg = Debug|Any CPU
		{6F268B93-3AB2-45C4-AF36-31443A5AA6D8}.Debug|Any CPU.Build.0 = Debug|Any CPU
		{6F268B93-3AB2-45C4-AF36-31443A5AA6D8}.Release|Any CPU.ActiveCfg = Release|Any CPU
		{6F268B93-3AB2-45C4-AF36-31443A5AA6D8}.Release|Any CPU.Build.0 = Release|Any CPU
	EndGlobalSection
	GlobalSection(SolutionProperties) = preSolution
		HideSolutionNode = FALSE
	EndGlobalSection
	GlobalSection(ExtensibilityGlobals) = postSolution
		SolutionGuid = {662076BB-5067-4E32-B9E0-1B298DD1604B}
	EndGlobalSection
EndGlobal
