
Microsoft Visual Studio Solution File, Format Version 12.00
# Visual Studio Version 17
VisualStudioVersion = 17.1.32319.34
MinimumVisualStudioVersion = 10.0.40219.1
Project("{FAE04EC0-301F-11D3-BF4B-00C04F79EFBC}") = "Exercício 1", "Exercício\Exercício 1.csproj", "{F8D701D8-E170-4D1A-9A7B-4B080BDBE4F6}"
EndProject
Project("{FAE04EC0-301F-11D3-BF4B-00C04F79EFBC}") = "Exercício 2", "Exercício 2\Exercício 2.csproj", "{8D6B2810-1768-4E91-AFBB-B17D98F244CA}"
EndProject
Global
	GlobalSection(SolutionConfigurationPlatforms) = preSolution
		Debug|Any CPU = Debug|Any CPU
		Release|Any CPU = Release|Any CPU
	EndGlobalSection
	GlobalSection(ProjectConfigurationPlatforms) = postSolution
		{F8D701D8-E170-4D1A-9A7B-4B080BDBE4F6}.Debug|Any CPU.ActiveCfg = Debug|Any CPU
		{F8D701D8-E170-4D1A-9A7B-4B080BDBE4F6}.Debug|Any CPU.Build.0 = Debug|Any CPU
		{F8D701D8-E170-4D1A-9A7B-4B080BDBE4F6}.Release|Any CPU.ActiveCfg = Release|Any CPU
		{F8D701D8-E170-4D1A-9A7B-4B080BDBE4F6}.Release|Any CPU.Build.0 = Release|Any CPU
		{8D6B2810-1768-4E91-AFBB-B17D98F244CA}.Debug|Any CPU.ActiveCfg = Debug|Any CPU
		{8D6B2810-1768-4E91-AFBB-B17D98F244CA}.Debug|Any CPU.Build.0 = Debug|Any CPU
		{8D6B2810-1768-4E91-AFBB-B17D98F244CA}.Release|Any CPU.ActiveCfg = Release|Any CPU
		{8D6B2810-1768-4E91-AFBB-B17D98F244CA}.Release|Any CPU.Build.0 = Release|Any CPU
	EndGlobalSection
	GlobalSection(SolutionProperties) = preSolution
		HideSolutionNode = FALSE
	EndGlobalSection
	GlobalSection(ExtensibilityGlobals) = postSolution
		SolutionGuid = {4B0D4D29-2DD8-45C3-9145-870475C2AB29}
	EndGlobalSection
EndGlobal
